
Microsoft Visual Studio Solution File, Format Version 12.00
# Visual Studio Version 17
VisualStudioVersion = 17.7.34009.444
MinimumVisualStudioVersion = 10.0.40219.1
Project("{9A19103F-16F7-4668-BE54-9A1E7A4F7556}") = "Test", "MyFirstConsoleApp\Test.csproj", "{F263210F-0A10-4917-83E1-C79D55145801}"
EndProject
Project("{2150E333-8FDC-42A3-9474-1A3956D46DE8}") = "Common", "Common", "{8B497E93-8212-45C6-BD94-9ABB6AA2B778}"
EndProject
Project("{9A19103F-16F7-4668-BE54-9A1E7A4F7556}") = "Useful_Tools", "Useful_Tools\Useful_Tools.csproj", "{6BC4CB04-1641-4CF5-B3BD-6DF8CBDA5C0A}"
EndProject
Project("{FAE04EC0-301F-11D3-BF4B-00C04F79EFBC}") = "GuessNumber", "GuessNumber\GuessNumber.csproj", "{3DBBFAAE-DEF0-4B60-A891-08B3645FFC2D}"
EndProject
Project("{2150E333-8FDC-42A3-9474-1A3956D46DE8}") = "Session1_2", "Session1_2", "{84B39B3F-6BD8-4D59-8887-2739CBA50561}"
EndProject
Project("{FAE04EC0-301F-11D3-BF4B-00C04F79EFBC}") = "Greet", "Greet\Greet.csproj", "{F5995B75-2968-4EDF-802E-C18D0E2152A5}"
EndProject
Project("{FAE04EC0-301F-11D3-BF4B-00C04F79EFBC}") = "RecursiveMultiply", "RecursiveMultiply\RecursiveMultiply.csproj", "{CCC0C12A-C3EE-4656-B0FE-25A3F9D21FDE}"
EndProject
Project("{FAE04EC0-301F-11D3-BF4B-00C04F79EFBC}") = "RecursiveVerticalNumPrinter", "RecursiveVerticalNumPrinter\RecursiveVerticalNumPrinter.csproj", "{8590A3D2-B2EC-42DA-A52D-3AC80730AABF}"
EndProject
Global
	GlobalSection(SolutionConfigurationPlatforms) = preSolution
		Debug|Any CPU = Debug|Any CPU
		Release|Any CPU = Release|Any CPU
	EndGlobalSection
	GlobalSection(ProjectConfigurationPlatforms) = postSolution
		{F263210F-0A10-4917-83E1-C79D55145801}.Debug|Any CPU.ActiveCfg = Debug|Any CPU
		{F263210F-0A10-4917-83E1-C79D55145801}.Debug|Any CPU.Build.0 = Debug|Any CPU
		{F263210F-0A10-4917-83E1-C79D55145801}.Release|Any CPU.ActiveCfg = Release|Any CPU
		{F263210F-0A10-4917-83E1-C79D55145801}.Release|Any CPU.Build.0 = Release|Any CPU
		{6BC4CB04-1641-4CF5-B3BD-6DF8CBDA5C0A}.Debug|Any CPU.ActiveCfg = Debug|Any CPU
		{6BC4CB04-1641-4CF5-B3BD-6DF8CBDA5C0A}.Debug|Any CPU.Build.0 = Debug|Any CPU
		{6BC4CB04-1641-4CF5-B3BD-6DF8CBDA5C0A}.Release|Any CPU.ActiveCfg = Release|Any CPU
		{6BC4CB04-1641-4CF5-B3BD-6DF8CBDA5C0A}.Release|Any CPU.Build.0 = Release|Any CPU
		{3DBBFAAE-DEF0-4B60-A891-08B3645FFC2D}.Debug|Any CPU.ActiveCfg = Debug|Any CPU
		{3DBBFAAE-DEF0-4B60-A891-08B3645FFC2D}.Debug|Any CPU.Build.0 = Debug|Any CPU
		{3DBBFAAE-DEF0-4B60-A891-08B3645FFC2D}.Release|Any CPU.ActiveCfg = Release|Any CPU
		{3DBBFAAE-DEF0-4B60-A891-08B3645FFC2D}.Release|Any CPU.Build.0 = Release|Any CPU
		{F5995B75-2968-4EDF-802E-C18D0E2152A5}.Debug|Any CPU.ActiveCfg = Debug|Any CPU
		{F5995B75-2968-4EDF-802E-C18D0E2152A5}.Debug|Any CPU.Build.0 = Debug|Any CPU
		{F5995B75-2968-4EDF-802E-C18D0E2152A5}.Release|Any CPU.ActiveCfg = Release|Any CPU
		{F5995B75-2968-4EDF-802E-C18D0E2152A5}.Release|Any CPU.Build.0 = Release|Any CPU
		{CCC0C12A-C3EE-4656-B0FE-25A3F9D21FDE}.Debug|Any CPU.ActiveCfg = Debug|Any CPU
		{CCC0C12A-C3EE-4656-B0FE-25A3F9D21FDE}.Debug|Any CPU.Build.0 = Debug|Any CPU
		{CCC0C12A-C3EE-4656-B0FE-25A3F9D21FDE}.Release|Any CPU.ActiveCfg = Release|Any CPU
		{CCC0C12A-C3EE-4656-B0FE-25A3F9D21FDE}.Release|Any CPU.Build.0 = Release|Any CPU
		{8590A3D2-B2EC-42DA-A52D-3AC80730AABF}.Debug|Any CPU.ActiveCfg = Debug|Any CPU
		{8590A3D2-B2EC-42DA-A52D-3AC80730AABF}.Debug|Any CPU.Build.0 = Debug|Any CPU
		{8590A3D2-B2EC-42DA-A52D-3AC80730AABF}.Release|Any CPU.ActiveCfg = Release|Any CPU
		{8590A3D2-B2EC-42DA-A52D-3AC80730AABF}.Release|Any CPU.Build.0 = Release|Any CPU
	EndGlobalSection
	GlobalSection(SolutionProperties) = preSolution
		HideSolutionNode = FALSE
	EndGlobalSection
	GlobalSection(NestedProjects) = preSolution
		{6BC4CB04-1641-4CF5-B3BD-6DF8CBDA5C0A} = {8B497E93-8212-45C6-BD94-9ABB6AA2B778}
		{3DBBFAAE-DEF0-4B60-A891-08B3645FFC2D} = {84B39B3F-6BD8-4D59-8887-2739CBA50561}
		{F5995B75-2968-4EDF-802E-C18D0E2152A5} = {84B39B3F-6BD8-4D59-8887-2739CBA50561}
		{CCC0C12A-C3EE-4656-B0FE-25A3F9D21FDE} = {84B39B3F-6BD8-4D59-8887-2739CBA50561}
		{8590A3D2-B2EC-42DA-A52D-3AC80730AABF} = {84B39B3F-6BD8-4D59-8887-2739CBA50561}
	EndGlobalSection
	GlobalSection(ExtensibilityGlobals) = postSolution
		SolutionGuid = {07164A53-3D49-4311-9E4A-C2754CB46C1A}
	EndGlobalSection
EndGlobal
